
Microsoft Visual Studio Solution File, Format Version 12.00
# Visual Studio Version 17
VisualStudioVersion = 17.8.34330.188
MinimumVisualStudioVersion = 10.0.40219.1
Project("{FAE04EC0-301F-11D3-BF4B-00C04F79EFBC}") = "DevHands.HighLoadApi", "src\DevHands.HighLoadApi\DevHands.HighLoadApi.csproj", "{2BCD6D22-ED98-44C8-9D8A-55F9884C26E3}"
EndProject
Global
	GlobalSection(SolutionConfigurationPlatforms) = preSolution
		Debug|Any CPU = Debug|Any CPU
		Release|Any CPU = Release|Any CPU
	EndGlobalSection
	GlobalSection(ProjectConfigurationPlatforms) = postSolution
		{2BCD6D22-ED98-44C8-9D8A-55F9884C26E3}.Debug|Any CPU.ActiveCfg = Debug|Any CPU
		{2BCD6D22-ED98-44C8-9D8A-55F9884C26E3}.Debug|Any CPU.Build.0 = Debug|Any CPU
		{2BCD6D22-ED98-44C8-9D8A-55F9884C26E3}.Release|Any CPU.ActiveCfg = Release|Any CPU
		{2BCD6D22-ED98-44C8-9D8A-55F9884C26E3}.Release|Any CPU.Build.0 = Release|Any CPU
	EndGlobalSection
	GlobalSection(SolutionProperties) = preSolution
		HideSolutionNode = FALSE
	EndGlobalSection
	GlobalSection(ExtensibilityGlobals) = postSolution
		SolutionGuid = {C8B94B8E-54E1-4BB2-AE90-3FEC66892EA4}
	EndGlobalSection
EndGlobal
